{
  "nodes": {
    "nixos-fhs-compat": {
      "locked": {
        "lastModified": 1638624912,
        "narHash": "sha256-+luMnWfRmPLgIh63AONik/9pvwxUjjK8PaMVqfJEUzE=",
        "owner": "balsoft",
        "repo": "nixos-fhs-compat",
        "rev": "0cf9397b825686b3cfa34a0d0bdcdeabcbb8ea03",
        "type": "github"
      },
      "original": {
        "owner": "balsoft",
        "repo": "nixos-fhs-compat",
        "type": "github"
      }
    },
    "nixpkgs": {
      "locked": {
        "lastModified": 1644193793,
        "narHash": "sha256-ggCI5LCXwkUJQwjpkr9qDFbQMiK3JvAfeNR4Uy0ny5Q=",
        "owner": "NixOS",
        "repo": "nixpkgs",
        "rev": "521e4d7d13b09bc0a21976b9d19abd197d4e3b1e",
        "type": "github"
      },
      "original": {
        "owner": "NixOS",
        "ref": "nixos-21.11",
        "repo": "nixpkgs",
        "type": "github"
      }
    },
    "nixpkgs-unstable": {
      "locked": {
        "lastModified": 1644193945,
        "narHash": "sha256-FqPyne57rnbvFfgL5OacS1w85/2NAZo59jqhhhcobek=",
        "owner": "NixOS",
        "repo": "nixpkgs",
        "rev": "fbd030fb2d8dc9fedcb45e57cbce5e9e064bfb6c",
        "type": "github"
      },
      "original": {
        "owner": "NixOS",
        "ref": "nixos-unstable",
        "repo": "nixpkgs",
        "type": "github"
      }
    },
    "nur": {
      "locked": {
        "lastModified": 1643712485,
        "narHash": "sha256-Vd/dX23gtAdiTrBcC2Tjg/WD+m+mZiWzN4vL+5g5FCQ=",
        "owner": "nix-community",
        "repo": "NUR",
        "rev": "93c47b0b5f3547ebab375bc69091b2a2d14374da",
        "type": "github"
      },
      "original": {
        "owner": "nix-community",
        "repo": "NUR",
        "type": "github"
      }
    },
    "root": {
      "inputs": {
        "nixos-fhs-compat": "nixos-fhs-compat",
        "nixpkgs": "nixpkgs",
        "nixpkgs-unstable": "nixpkgs-unstable",
        "nur": "nur"
      }
    }
  },
  "root": "root",
  "version": 7
}
