{
  "nodes": {
    "nixpkgs": {
      "locked": {
        "lastModified": 1638371214,
        "narHash": "sha256-0kE6KhgH7n0vyuX4aUoGsGIQOqjIx2fJavpCWtn73rc=",
        "owner": "NixOS",
        "repo": "nixpkgs",
        "rev": "a640d8394f34714578f3e6335fc767d0755d78f9",
        "type": "github"
      },
      "original": {
        "owner": "NixOS",
        "ref": "nixos-21.11",
        "repo": "nixpkgs",
        "type": "github"
      }
    },
    "nixpkgs-unstable": {
      "locked": {
        "lastModified": 1644193945,
        "narHash": "sha256-FqPyne57rnbvFfgL5OacS1w85/2NAZo59jqhhhcobek=",
        "owner": "NixOS",
        "repo": "nixpkgs",
        "rev": "fbd030fb2d8dc9fedcb45e57cbce5e9e064bfb6c",
        "type": "github"
      },
      "original": {
        "owner": "NixOS",
        "ref": "nixos-unstable",
        "repo": "nixpkgs",
        "type": "github"
      }
    },
    "nur": {
      "locked": {
        "lastModified": 1643712485,
        "narHash": "sha256-Vd/dX23gtAdiTrBcC2Tjg/WD+m+mZiWzN4vL+5g5FCQ=",
        "owner": "nix-community",
        "repo": "NUR",
        "rev": "93c47b0b5f3547ebab375bc69091b2a2d14374da",
        "type": "github"
      },
      "original": {
        "owner": "nix-community",
        "repo": "NUR",
        "type": "github"
      }
    },
    "root": {
      "inputs": {
        "nixpkgs": "nixpkgs",
        "nixpkgs-unstable": "nixpkgs-unstable",
        "nur": "nur"
      }
    }
  },
  "root": "root",
  "version": 7
}
